
Microsoft Visual Studio Solution File, Format Version 12.00
# Visual Studio Version 17
VisualStudioVersion = 17.13.35806.99 d17.13
MinimumVisualStudioVersion = 10.0.40219.1
Project("{FAE04EC0-301F-11D3-BF4B-00C04F79EFBC}") = "DockerWebApiPiaget", "DockerWebApiPiaget\DockerWebApiPiaget.csproj", "{A16F89CE-0D17-485B-A1EE-B981A86E48AF}"
EndProject
Project("{FAE04EC0-301F-11D3-BF4B-00C04F79EFBC}") = "Entities", "Entities\Entities.csproj", "{67E40FF6-A1FA-40D2-94E9-49A4A524289D}"
EndProject
Global
	GlobalSection(SolutionConfigurationPlatforms) = preSolution
		Debug|Any CPU = Debug|Any CPU
		Release|Any CPU = Release|Any CPU
	EndGlobalSection
	GlobalSection(ProjectConfigurationPlatforms) = postSolution
		{A16F89CE-0D17-485B-A1EE-B981A86E48AF}.Debug|Any CPU.ActiveCfg = Debug|Any CPU
		{A16F89CE-0D17-485B-A1EE-B981A86E48AF}.Debug|Any CPU.Build.0 = Debug|Any CPU
		{A16F89CE-0D17-485B-A1EE-B981A86E48AF}.Release|Any CPU.ActiveCfg = Release|Any CPU
		{A16F89CE-0D17-485B-A1EE-B981A86E48AF}.Release|Any CPU.Build.0 = Release|Any CPU
		{67E40FF6-A1FA-40D2-94E9-49A4A524289D}.Debug|Any CPU.ActiveCfg = Debug|Any CPU
		{67E40FF6-A1FA-40D2-94E9-49A4A524289D}.Debug|Any CPU.Build.0 = Debug|Any CPU
		{67E40FF6-A1FA-40D2-94E9-49A4A524289D}.Release|Any CPU.ActiveCfg = Release|Any CPU
		{67E40FF6-A1FA-40D2-94E9-49A4A524289D}.Release|Any CPU.Build.0 = Release|Any CPU
	EndGlobalSection
	GlobalSection(SolutionProperties) = preSolution
		HideSolutionNode = FALSE
	EndGlobalSection
	GlobalSection(ExtensibilityGlobals) = postSolution
		SolutionGuid = {66E570DE-AD61-4D71-A01C-047F8E482F4D}
	EndGlobalSection
EndGlobal
